// !$*UTF8*$!
{
	archiveVersion = 1;
	classes = {
	};
	objectVersion = 55;
	objects = {

/* Begin PBXBuildFile section */
		6A0509CB28A1E0330069FD43 /* SeSACButton.swift in Sources */ = {isa = PBXBuildFile; fileRef = 6A0509CA28A1E0330069FD43 /* SeSACButton.swift */; };
		6A0509CD28A1E6030069FD43 /* CardView.xib in Resources */ = {isa = PBXBuildFile; fileRef = 6A0509CC28A1E6030069FD43 /* CardView.xib */; };
		6A0509D128A1E65E0069FD43 /* CardView.swift in Sources */ = {isa = PBXBuildFile; fileRef = 6A0509D028A1E65E0069FD43 /* CardView.swift */; };
		6A0509D428A1F37C0069FD43 /* CardCollectionViewCell.swift in Sources */ = {isa = PBXBuildFile; fileRef = 6A0509D228A1F37C0069FD43 /* CardCollectionViewCell.swift */; };
		6A0509D528A1F37C0069FD43 /* CardCollectionViewCell.xib in Resources */ = {isa = PBXBuildFile; fileRef = 6A0509D328A1F37C0069FD43 /* CardCollectionViewCell.xib */; };
		6A0509D728A1F6970069FD43 /* MainViewController.swift in Sources */ = {isa = PBXBuildFile; fileRef = 6A0509D628A1F6970069FD43 /* MainViewController.swift */; };
		6A0509D928A1FC270069FD43 /* MainTableViewCell.swift in Sources */ = {isa = PBXBuildFile; fileRef = 6A0509D828A1FC270069FD43 /* MainTableViewCell.swift */; };
		6A51A42528A0A7870000C1F1 /* KakaoAPIManager.swift in Sources */ = {isa = PBXBuildFile; fileRef = 6A51A42428A0A7860000C1F1 /* KakaoAPIManager.swift */; };
		6A51A42728A0ABFD0000C1F1 /* ClosureViewController.swift in Sources */ = {isa = PBXBuildFile; fileRef = 6A51A42628A0ABFD0000C1F1 /* ClosureViewController.swift */; };
		6A9EB7F728A08FF400A20700 /* AppDelegate.swift in Sources */ = {isa = PBXBuildFile; fileRef = 6A9EB7F628A08FF400A20700 /* AppDelegate.swift */; };
		6A9EB7F928A08FF400A20700 /* SceneDelegate.swift in Sources */ = {isa = PBXBuildFile; fileRef = 6A9EB7F828A08FF400A20700 /* SceneDelegate.swift */; };
		6A9EB7FB28A08FF400A20700 /* ViewController.swift in Sources */ = {isa = PBXBuildFile; fileRef = 6A9EB7FA28A08FF400A20700 /* ViewController.swift */; };
		6A9EB7FE28A08FF400A20700 /* Main.storyboard in Resources */ = {isa = PBXBuildFile; fileRef = 6A9EB7FC28A08FF400A20700 /* Main.storyboard */; };
		6A9EB80028A08FF800A20700 /* Assets.xcassets in Resources */ = {isa = PBXBuildFile; fileRef = 6A9EB7FF28A08FF800A20700 /* Assets.xcassets */; };
		6A9EB80328A08FF800A20700 /* LaunchScreen.storyboard in Resources */ = {isa = PBXBuildFile; fileRef = 6A9EB80128A08FF800A20700 /* LaunchScreen.storyboard */; };
		6A9EB80C28A0902200A20700 /* Alamofire in Frameworks */ = {isa = PBXBuildFile; productRef = 6A9EB80B28A0902200A20700 /* Alamofire */; };
		6A9EB80F28A0902F00A20700 /* Kingfisher in Frameworks */ = {isa = PBXBuildFile; productRef = 6A9EB80E28A0902F00A20700 /* Kingfisher */; };
		6A9EB81228A0903B00A20700 /* SwiftyJSON in Frameworks */ = {isa = PBXBuildFile; productRef = 6A9EB81128A0903B00A20700 /* SwiftyJSON */; };
		6A9EB81428A090D000A20700 /* .gitignore in Resources */ = {isa = PBXBuildFile; fileRef = 6A9EB81328A090D000A20700 /* .gitignore */; };
		6A9EB81628A0910C00A20700 /* APIKey.swift in Sources */ = {isa = PBXBuildFile; fileRef = 6A9EB81528A0910C00A20700 /* APIKey.swift */; };
		6A9EB81928A0949A00A20700 /* Endpoint.swift in Sources */ = {isa = PBXBuildFile; fileRef = 6A9EB81828A0949A00A20700 /* Endpoint.swift */; };
		6A9EB81B28A0951D00A20700 /* URL+Extension.swift in Sources */ = {isa = PBXBuildFile; fileRef = 6A9EB81A28A0951D00A20700 /* URL+Extension.swift */; };
/* End PBXBuildFile section */

/* Begin PBXFileReference section */
		6A0509CA28A1E0330069FD43 /* SeSACButton.swift */ = {isa = PBXFileReference; lastKnownFileType = sourcecode.swift; path = SeSACButton.swift; sourceTree = "<group>"; };
		6A0509CC28A1E6030069FD43 /* CardView.xib */ = {isa = PBXFileReference; lastKnownFileType = file.xib; path = CardView.xib; sourceTree = "<group>"; };
		6A0509D028A1E65E0069FD43 /* CardView.swift */ = {isa = PBXFileReference; lastKnownFileType = sourcecode.swift; path = CardView.swift; sourceTree = "<group>"; };
		6A0509D228A1F37C0069FD43 /* CardCollectionViewCell.swift */ = {isa = PBXFileReference; lastKnownFileType = sourcecode.swift; path = CardCollectionViewCell.swift; sourceTree = SOURCE_ROOT; };
		6A0509D328A1F37C0069FD43 /* CardCollectionViewCell.xib */ = {isa = PBXFileReference; lastKnownFileType = file.xib; path = CardCollectionViewCell.xib; sourceTree = SOURCE_ROOT; };
		6A0509D628A1F6970069FD43 /* MainViewController.swift */ = {isa = PBXFileReference; lastKnownFileType = sourcecode.swift; path = MainViewController.swift; sourceTree = "<group>"; };
		6A0509D828A1FC270069FD43 /* MainTableViewCell.swift */ = {isa = PBXFileReference; lastKnownFileType = sourcecode.swift; name = MainTableViewCell.swift; path = SeSAC2Week6/MainTableViewCell.swift; sourceTree = SOURCE_ROOT; };
		6A51A42428A0A7860000C1F1 /* KakaoAPIManager.swift */ = {isa = PBXFileReference; lastKnownFileType = sourcecode.swift; path = KakaoAPIManager.swift; sourceTree = "<group>"; };
		6A51A42628A0ABFD0000C1F1 /* ClosureViewController.swift */ = {isa = PBXFileReference; lastKnownFileType = sourcecode.swift; path = ClosureViewController.swift; sourceTree = "<group>"; };
		6A9EB7F328A08FF400A20700 /* SeSAC2Week6.app */ = {isa = PBXFileReference; explicitFileType = wrapper.application; includeInIndex = 0; path = SeSAC2Week6.app; sourceTree = BUILT_PRODUCTS_DIR; };
		6A9EB7F628A08FF400A20700 /* AppDelegate.swift */ = {isa = PBXFileReference; lastKnownFileType = sourcecode.swift; path = AppDelegate.swift; sourceTree = "<group>"; };
		6A9EB7F828A08FF400A20700 /* SceneDelegate.swift */ = {isa = PBXFileReference; lastKnownFileType = sourcecode.swift; path = SceneDelegate.swift; sourceTree = "<group>"; };
		6A9EB7FA28A08FF400A20700 /* ViewController.swift */ = {isa = PBXFileReference; lastKnownFileType = sourcecode.swift; path = ViewController.swift; sourceTree = "<group>"; };
		6A9EB7FD28A08FF400A20700 /* Base */ = {isa = PBXFileReference; lastKnownFileType = file.storyboard; name = Base; path = Base.lproj/Main.storyboard; sourceTree = "<group>"; };
		6A9EB7FF28A08FF800A20700 /* Assets.xcassets */ = {isa = PBXFileReference; lastKnownFileType = folder.assetcatalog; path = Assets.xcassets; sourceTree = "<group>"; };
		6A9EB80228A08FF800A20700 /* Base */ = {isa = PBXFileReference; lastKnownFileType = file.storyboard; name = Base; path = Base.lproj/LaunchScreen.storyboard; sourceTree = "<group>"; };
		6A9EB80428A08FF800A20700 /* Info.plist */ = {isa = PBXFileReference; lastKnownFileType = text.plist.xml; path = Info.plist; sourceTree = "<group>"; };
		6A9EB81328A090D000A20700 /* .gitignore */ = {isa = PBXFileReference; lastKnownFileType = text; path = .gitignore; sourceTree = "<group>"; };
		6A9EB81528A0910C00A20700 /* APIKey.swift */ = {isa = PBXFileReference; lastKnownFileType = sourcecode.swift; path = APIKey.swift; sourceTree = "<group>"; };
		6A9EB81828A0949A00A20700 /* Endpoint.swift */ = {isa = PBXFileReference; lastKnownFileType = sourcecode.swift; path = Endpoint.swift; sourceTree = "<group>"; };
		6A9EB81A28A0951D00A20700 /* URL+Extension.swift */ = {isa = PBXFileReference; lastKnownFileType = sourcecode.swift; path = "URL+Extension.swift"; sourceTree = "<group>"; };
/* End PBXFileReference section */

/* Begin PBXFrameworksBuildPhase section */
		6A9EB7F028A08FF400A20700 /* Frameworks */ = {
			isa = PBXFrameworksBuildPhase;
			buildActionMask = 2147483647;
			files = (
				6A9EB81228A0903B00A20700 /* SwiftyJSON in Frameworks */,
				6A9EB80F28A0902F00A20700 /* Kingfisher in Frameworks */,
				6A9EB80C28A0902200A20700 /* Alamofire in Frameworks */,
			);
			runOnlyForDeploymentPostprocessing = 0;
		};
/* End PBXFrameworksBuildPhase section */

/* Begin PBXGroup section */
		6A0509C928A1DFED0069FD43 /* View */ = {
			isa = PBXGroup;
			children = (
				6A0509D828A1FC270069FD43 /* MainTableViewCell.swift */,
				6A0509D228A1F37C0069FD43 /* CardCollectionViewCell.swift */,
				6A0509D328A1F37C0069FD43 /* CardCollectionViewCell.xib */,
				6A0509CA28A1E0330069FD43 /* SeSACButton.swift */,
				6A0509CC28A1E6030069FD43 /* CardView.xib */,
				6A0509D028A1E65E0069FD43 /* CardView.swift */,
			);
			path = View;
			sourceTree = "<group>";
		};
		6A9EB7EA28A08FF400A20700 = {
			isa = PBXGroup;
			children = (
				6A9EB81328A090D000A20700 /* .gitignore */,
				6A9EB7F528A08FF400A20700 /* SeSAC2Week6 */,
				6A9EB7F428A08FF400A20700 /* Products */,
			);
			sourceTree = "<group>";
		};
		6A9EB7F428A08FF400A20700 /* Products */ = {
			isa = PBXGroup;
			children = (
				6A9EB7F328A08FF400A20700 /* SeSAC2Week6.app */,
			);
			name = Products;
			sourceTree = "<group>";
		};
		6A9EB7F528A08FF400A20700 /* SeSAC2Week6 */ = {
			isa = PBXGroup;
			children = (
				6A0509C928A1DFED0069FD43 /* View */,
				6A9EB81728A0948500A20700 /* Network */,
				6A9EB7F628A08FF400A20700 /* AppDelegate.swift */,
				6A9EB7F828A08FF400A20700 /* SceneDelegate.swift */,
				6A9EB7FA28A08FF400A20700 /* ViewController.swift */,
				6A9EB7FC28A08FF400A20700 /* Main.storyboard */,
				6A0509D628A1F6970069FD43 /* MainViewController.swift */,
				6A51A42628A0ABFD0000C1F1 /* ClosureViewController.swift */,
				6A9EB7FF28A08FF800A20700 /* Assets.xcassets */,
				6A9EB80128A08FF800A20700 /* LaunchScreen.storyboard */,
				6A9EB80428A08FF800A20700 /* Info.plist */,
				6A9EB81528A0910C00A20700 /* APIKey.swift */,
			);
			path = SeSAC2Week6;
			sourceTree = "<group>";
		};
		6A9EB81728A0948500A20700 /* Network */ = {
			isa = PBXGroup;
			children = (
				6A9EB81828A0949A00A20700 /* Endpoint.swift */,
				6A9EB81A28A0951D00A20700 /* URL+Extension.swift */,
				6A51A42428A0A7860000C1F1 /* KakaoAPIManager.swift */,
			);
			path = Network;
			sourceTree = "<group>";
		};
/* End PBXGroup section */

/* Begin PBXNativeTarget section */
		6A9EB7F228A08FF400A20700 /* SeSAC2Week6 */ = {
			isa = PBXNativeTarget;
			buildConfigurationList = 6A9EB80728A08FF800A20700 /* Build configuration list for PBXNativeTarget "SeSAC2Week6" */;
			buildPhases = (
				6A9EB7EF28A08FF400A20700 /* Sources */,
				6A9EB7F028A08FF400A20700 /* Frameworks */,
				6A9EB7F128A08FF400A20700 /* Resources */,
			);
			buildRules = (
			);
			dependencies = (
			);
			name = SeSAC2Week6;
			packageProductDependencies = (
				6A9EB80B28A0902200A20700 /* Alamofire */,
				6A9EB80E28A0902F00A20700 /* Kingfisher */,
				6A9EB81128A0903B00A20700 /* SwiftyJSON */,
			);
			productName = SeSAC2Week6;
			productReference = 6A9EB7F328A08FF400A20700 /* SeSAC2Week6.app */;
			productType = "com.apple.product-type.application";
		};
/* End PBXNativeTarget section */

/* Begin PBXProject section */
		6A9EB7EB28A08FF400A20700 /* Project object */ = {
			isa = PBXProject;
			attributes = {
				BuildIndependentTargetsInParallel = 1;
				LastSwiftUpdateCheck = 1340;
				LastUpgradeCheck = 1340;
				TargetAttributes = {
					6A9EB7F228A08FF400A20700 = {
						CreatedOnToolsVersion = 13.4.1;
					};
				};
			};
			buildConfigurationList = 6A9EB7EE28A08FF400A20700 /* Build configuration list for PBXProject "SeSAC2Week6" */;
			compatibilityVersion = "Xcode 13.0";
			developmentRegion = en;
			hasScannedForEncodings = 0;
			knownRegions = (
				en,
				Base,
			);
			mainGroup = 6A9EB7EA28A08FF400A20700;
			packageReferences = (
				6A9EB80A28A0902200A20700 /* XCRemoteSwiftPackageReference "Alamofire" */,
				6A9EB80D28A0902F00A20700 /* XCRemoteSwiftPackageReference "Kingfisher" */,
				6A9EB81028A0903B00A20700 /* XCRemoteSwiftPackageReference "SwiftyJSON" */,
			);
			productRefGroup = 6A9EB7F428A08FF400A20700 /* Products */;
			projectDirPath = "";
			projectRoot = "";
			targets = (
				6A9EB7F228A08FF400A20700 /* SeSAC2Week6 */,
			);
		};
/* End PBXProject section */

/* Begin PBXResourcesBuildPhase section */
		6A9EB7F128A08FF400A20700 /* Resources */ = {
			isa = PBXResourcesBuildPhase;
			buildActionMask = 2147483647;
			files = (
				6A9EB81428A090D000A20700 /* .gitignore in Resources */,
				6A9EB80328A08FF800A20700 /* LaunchScreen.storyboard in Resources */,
				6A0509CD28A1E6030069FD43 /* CardView.xib in Resources */,
				6A9EB80028A08FF800A20700 /* Assets.xcassets in Resources */,
				6A0509D528A1F37C0069FD43 /* CardCollectionViewCell.xib in Resources */,
				6A9EB7FE28A08FF400A20700 /* Main.storyboard in Resources */,
			);
			runOnlyForDeploymentPostprocessing = 0;
		};
/* End PBXResourcesBuildPhase section */

/* Begin PBXSourcesBuildPhase section */
		6A9EB7EF28A08FF400A20700 /* Sources */ = {
			isa = PBXSourcesBuildPhase;
			buildActionMask = 2147483647;
			files = (
				6A0509D928A1FC270069FD43 /* MainTableViewCell.swift in Sources */,
				6A9EB7FB28A08FF400A20700 /* ViewController.swift in Sources */,
				6A9EB7F728A08FF400A20700 /* AppDelegate.swift in Sources */,
				6A51A42728A0ABFD0000C1F1 /* ClosureViewController.swift in Sources */,
				6A0509D728A1F6970069FD43 /* MainViewController.swift in Sources */,
				6A0509D428A1F37C0069FD43 /* CardCollectionViewCell.swift in Sources */,
				6A9EB81628A0910C00A20700 /* APIKey.swift in Sources */,
				6A0509D128A1E65E0069FD43 /* CardView.swift in Sources */,
				6A9EB7F928A08FF400A20700 /* SceneDelegate.swift in Sources */,
				6A0509CB28A1E0330069FD43 /* SeSACButton.swift in Sources */,
				6A51A42528A0A7870000C1F1 /* KakaoAPIManager.swift in Sources */,
				6A9EB81928A0949A00A20700 /* Endpoint.swift in Sources */,
				6A9EB81B28A0951D00A20700 /* URL+Extension.swift in Sources */,
			);
			runOnlyForDeploymentPostprocessing = 0;
		};
/* End PBXSourcesBuildPhase section */

/* Begin PBXVariantGroup section */
		6A9EB7FC28A08FF400A20700 /* Main.storyboard */ = {
			isa = PBXVariantGroup;
			children = (
				6A9EB7FD28A08FF400A20700 /* Base */,
			);
			name = Main.storyboard;
			sourceTree = "<group>";
		};
		6A9EB80128A08FF800A20700 /* LaunchScreen.storyboard */ = {
			isa = PBXVariantGroup;
			children = (
				6A9EB80228A08FF800A20700 /* Base */,
			);
			name = LaunchScreen.storyboard;
			sourceTree = "<group>";
		};
/* End PBXVariantGroup section */

/* Begin XCBuildConfiguration section */
		6A9EB80528A08FF800A20700 /* Debug */ = {
			isa = XCBuildConfiguration;
			buildSettings = {
				ALWAYS_SEARCH_USER_PATHS = NO;
				CLANG_ANALYZER_NONNULL = YES;
				CLANG_ANALYZER_NUMBER_OBJECT_CONVERSION = YES_AGGRESSIVE;
				CLANG_CXX_LANGUAGE_STANDARD = "gnu++17";
				CLANG_ENABLE_MODULES = YES;
				CLANG_ENABLE_OBJC_ARC = YES;
				CLANG_ENABLE_OBJC_WEAK = YES;
				CLANG_WARN_BLOCK_CAPTURE_AUTORELEASING = YES;
				CLANG_WARN_BOOL_CONVERSION = YES;
				CLANG_WARN_COMMA = YES;
				CLANG_WARN_CONSTANT_CONVERSION = YES;
				CLANG_WARN_DEPRECATED_OBJC_IMPLEMENTATIONS = YES;
				CLANG_WARN_DIRECT_OBJC_ISA_USAGE = YES_ERROR;
				CLANG_WARN_DOCUMENTATION_COMMENTS = YES;
				CLANG_WARN_EMPTY_BODY = YES;
				CLANG_WARN_ENUM_CONVERSION = YES;
				CLANG_WARN_INFINITE_RECURSION = YES;
				CLANG_WARN_INT_CONVERSION = YES;
				CLANG_WARN_NON_LITERAL_NULL_CONVERSION = YES;
				CLANG_WARN_OBJC_IMPLICIT_RETAIN_SELF = YES;
				CLANG_WARN_OBJC_LITERAL_CONVERSION = YES;
				CLANG_WARN_OBJC_ROOT_CLASS = YES_ERROR;
				CLANG_WARN_QUOTED_INCLUDE_IN_FRAMEWORK_HEADER = YES;
				CLANG_WARN_RANGE_LOOP_ANALYSIS = YES;
				CLANG_WARN_STRICT_PROTOTYPES = YES;
				CLANG_WARN_SUSPICIOUS_MOVE = YES;
				CLANG_WARN_UNGUARDED_AVAILABILITY = YES_AGGRESSIVE;
				CLANG_WARN_UNREACHABLE_CODE = YES;
				CLANG_WARN__DUPLICATE_METHOD_MATCH = YES;
				COPY_PHASE_STRIP = NO;
				DEBUG_INFORMATION_FORMAT = dwarf;
				ENABLE_STRICT_OBJC_MSGSEND = YES;
				ENABLE_TESTABILITY = YES;
				GCC_C_LANGUAGE_STANDARD = gnu11;
				GCC_DYNAMIC_NO_PIC = NO;
				GCC_NO_COMMON_BLOCKS = YES;
				GCC_OPTIMIZATION_LEVEL = 0;
				GCC_PREPROCESSOR_DEFINITIONS = (
					"DEBUG=1",
					"$(inherited)",
				);
				GCC_WARN_64_TO_32_BIT_CONVERSION = YES;
				GCC_WARN_ABOUT_RETURN_TYPE = YES_ERROR;
				GCC_WARN_UNDECLARED_SELECTOR = YES;
				GCC_WARN_UNINITIALIZED_AUTOS = YES_AGGRESSIVE;
				GCC_WARN_UNUSED_FUNCTION = YES;
				GCC_WARN_UNUSED_VARIABLE = YES;
				IPHONEOS_DEPLOYMENT_TARGET = 15.5;
				MTL_ENABLE_DEBUG_INFO = INCLUDE_SOURCE;
				MTL_FAST_MATH = YES;
				ONLY_ACTIVE_ARCH = YES;
				SDKROOT = iphoneos;
				SWIFT_ACTIVE_COMPILATION_CONDITIONS = DEBUG;
				SWIFT_OPTIMIZATION_LEVEL = "-Onone";
			};
			name = Debug;
		};
		6A9EB80628A08FF800A20700 /* Release */ = {
			isa = XCBuildConfiguration;
			buildSettings = {
				ALWAYS_SEARCH_USER_PATHS = NO;
				CLANG_ANALYZER_NONNULL = YES;
				CLANG_ANALYZER_NUMBER_OBJECT_CONVERSION = YES_AGGRESSIVE;
				CLANG_CXX_LANGUAGE_STANDARD = "gnu++17";
				CLANG_ENABLE_MODULES = YES;
				CLANG_ENABLE_OBJC_ARC = YES;
				CLANG_ENABLE_OBJC_WEAK = YES;
				CLANG_WARN_BLOCK_CAPTURE_AUTORELEASING = YES;
				CLANG_WARN_BOOL_CONVERSION = YES;
				CLANG_WARN_COMMA = YES;
				CLANG_WARN_CONSTANT_CONVERSION = YES;
				CLANG_WARN_DEPRECATED_OBJC_IMPLEMENTATIONS = YES;
				CLANG_WARN_DIRECT_OBJC_ISA_USAGE = YES_ERROR;
				CLANG_WARN_DOCUMENTATION_COMMENTS = YES;
				CLANG_WARN_EMPTY_BODY = YES;
				CLANG_WARN_ENUM_CONVERSION = YES;
				CLANG_WARN_INFINITE_RECURSION = YES;
				CLANG_WARN_INT_CONVERSION = YES;
				CLANG_WARN_NON_LITERAL_NULL_CONVERSION = YES;
				CLANG_WARN_OBJC_IMPLICIT_RETAIN_SELF = YES;
				CLANG_WARN_OBJC_LITERAL_CONVERSION = YES;
				CLANG_WARN_OBJC_ROOT_CLASS = YES_ERROR;
				CLANG_WARN_QUOTED_INCLUDE_IN_FRAMEWORK_HEADER = YES;
				CLANG_WARN_RANGE_LOOP_ANALYSIS = YES;
				CLANG_WARN_STRICT_PROTOTYPES = YES;
				CLANG_WARN_SUSPICIOUS_MOVE = YES;
				CLANG_WARN_UNGUARDED_AVAILABILITY = YES_AGGRESSIVE;
				CLANG_WARN_UNREACHABLE_CODE = YES;
				CLANG_WARN__DUPLICATE_METHOD_MATCH = YES;
				COPY_PHASE_STRIP = NO;
				DEBUG_INFORMATION_FORMAT = "dwarf-with-dsym";
				ENABLE_NS_ASSERTIONS = NO;
				ENABLE_STRICT_OBJC_MSGSEND = YES;
				GCC_C_LANGUAGE_STANDARD = gnu11;
				GCC_NO_COMMON_BLOCKS = YES;
				GCC_WARN_64_TO_32_BIT_CONVERSION = YES;
				GCC_WARN_ABOUT_RETURN_TYPE = YES_ERROR;
				GCC_WARN_UNDECLARED_SELECTOR = YES;
				GCC_WARN_UNINITIALIZED_AUTOS = YES_AGGRESSIVE;
				GCC_WARN_UNUSED_FUNCTION = YES;
				GCC_WARN_UNUSED_VARIABLE = YES;
				IPHONEOS_DEPLOYMENT_TARGET = 15.5;
				MTL_ENABLE_DEBUG_INFO = NO;
				MTL_FAST_MATH = YES;
				SDKROOT = iphoneos;
				SWIFT_COMPILATION_MODE = wholemodule;
				SWIFT_OPTIMIZATION_LEVEL = "-O";
				VALIDATE_PRODUCT = YES;
			};
			name = Release;
		};
		6A9EB80828A08FF800A20700 /* Debug */ = {
			isa = XCBuildConfiguration;
			buildSettings = {
				ASSETCATALOG_COMPILER_APPICON_NAME = AppIcon;
				ASSETCATALOG_COMPILER_GLOBAL_ACCENT_COLOR_NAME = AccentColor;
				CODE_SIGN_STYLE = Automatic;
				CURRENT_PROJECT_VERSION = 1;
				DEVELOPMENT_TEAM = CN24RNU85D;
				GENERATE_INFOPLIST_FILE = YES;
				INFOPLIST_FILE = SeSAC2Week6/Info.plist;
				INFOPLIST_KEY_UIApplicationSupportsIndirectInputEvents = YES;
				INFOPLIST_KEY_UILaunchStoryboardName = LaunchScreen;
				INFOPLIST_KEY_UIMainStoryboardFile = Main;
				INFOPLIST_KEY_UISupportedInterfaceOrientations_iPad = "UIInterfaceOrientationPortrait UIInterfaceOrientationPortraitUpsideDown UIInterfaceOrientationLandscapeLeft UIInterfaceOrientationLandscapeRight";
				INFOPLIST_KEY_UISupportedInterfaceOrientations_iPhone = "UIInterfaceOrientationPortrait UIInterfaceOrientationLandscapeLeft UIInterfaceOrientationLandscapeRight";
				LD_RUNPATH_SEARCH_PATHS = (
					"$(inherited)",
					"@executable_path/Frameworks",
				);
				MARKETING_VERSION = 1.0;
				PRODUCT_BUNDLE_IDENTIFIER = com.jonghwan.SeSAC2Week6;
				PRODUCT_NAME = "$(TARGET_NAME)";
				SWIFT_EMIT_LOC_STRINGS = YES;
				SWIFT_VERSION = 5.0;
				TARGETED_DEVICE_FAMILY = 1;
			};
			name = Debug;
		};
		6A9EB80928A08FF800A20700 /* Release */ = {
			isa = XCBuildConfiguration;
			buildSettings = {
				ASSETCATALOG_COMPILER_APPICON_NAME = AppIcon;
				ASSETCATALOG_COMPILER_GLOBAL_ACCENT_COLOR_NAME = AccentColor;
				CODE_SIGN_STYLE = Automatic;
				CURRENT_PROJECT_VERSION = 1;
				DEVELOPMENT_TEAM = CN24RNU85D;
				GENERATE_INFOPLIST_FILE = YES;
				INFOPLIST_FILE = SeSAC2Week6/Info.plist;
				INFOPLIST_KEY_UIApplicationSupportsIndirectInputEvents = YES;
				INFOPLIST_KEY_UILaunchStoryboardName = LaunchScreen;
				INFOPLIST_KEY_UIMainStoryboardFile = Main;
				INFOPLIST_KEY_UISupportedInterfaceOrientations_iPad = "UIInterfaceOrientationPortrait UIInterfaceOrientationPortraitUpsideDown UIInterfaceOrientationLandscapeLeft UIInterfaceOrientationLandscapeRight";
				INFOPLIST_KEY_UISupportedInterfaceOrientations_iPhone = "UIInterfaceOrientationPortrait UIInterfaceOrientationLandscapeLeft UIInterfaceOrientationLandscapeRight";
				LD_RUNPATH_SEARCH_PATHS = (
					"$(inherited)",
					"@executable_path/Frameworks",
				);
				MARKETING_VERSION = 1.0;
				PRODUCT_BUNDLE_IDENTIFIER = com.jonghwan.SeSAC2Week6;
				PRODUCT_NAME = "$(TARGET_NAME)";
				SWIFT_EMIT_LOC_STRINGS = YES;
				SWIFT_VERSION = 5.0;
				TARGETED_DEVICE_FAMILY = 1;
			};
			name = Release;
		};
/* End XCBuildConfiguration section */

/* Begin XCConfigurationList section */
		6A9EB7EE28A08FF400A20700 /* Build configuration list for PBXProject "SeSAC2Week6" */ = {
			isa = XCConfigurationList;
			buildConfigurations = (
				6A9EB80528A08FF800A20700 /* Debug */,
				6A9EB80628A08FF800A20700 /* Release */,
			);
			defaultConfigurationIsVisible = 0;
			defaultConfigurationName = Release;
		};
		6A9EB80728A08FF800A20700 /* Build configuration list for PBXNativeTarget "SeSAC2Week6" */ = {
			isa = XCConfigurationList;
			buildConfigurations = (
				6A9EB80828A08FF800A20700 /* Debug */,
				6A9EB80928A08FF800A20700 /* Release */,
			);
			defaultConfigurationIsVisible = 0;
			defaultConfigurationName = Release;
		};
/* End XCConfigurationList section */

/* Begin XCRemoteSwiftPackageReference section */
		6A9EB80A28A0902200A20700 /* XCRemoteSwiftPackageReference "Alamofire" */ = {
			isa = XCRemoteSwiftPackageReference;
			repositoryURL = "https://github.com/Alamofire/Alamofire.git";
			requirement = {
				kind = upToNextMajorVersion;
				minimumVersion = 5.0.0;
			};
		};
		6A9EB80D28A0902F00A20700 /* XCRemoteSwiftPackageReference "Kingfisher" */ = {
			isa = XCRemoteSwiftPackageReference;
			repositoryURL = "https://github.com/onevcat/Kingfisher";
			requirement = {
				kind = upToNextMajorVersion;
				minimumVersion = 7.0.0;
			};
		};
		6A9EB81028A0903B00A20700 /* XCRemoteSwiftPackageReference "SwiftyJSON" */ = {
			isa = XCRemoteSwiftPackageReference;
			repositoryURL = "https://github.com/SwiftyJSON/SwiftyJSON.git";
			requirement = {
				kind = upToNextMajorVersion;
				minimumVersion = 5.0.0;
			};
		};
/* End XCRemoteSwiftPackageReference section */

/* Begin XCSwiftPackageProductDependency section */
		6A9EB80B28A0902200A20700 /* Alamofire */ = {
			isa = XCSwiftPackageProductDependency;
			package = 6A9EB80A28A0902200A20700 /* XCRemoteSwiftPackageReference "Alamofire" */;
			productName = Alamofire;
		};
		6A9EB80E28A0902F00A20700 /* Kingfisher */ = {
			isa = XCSwiftPackageProductDependency;
			package = 6A9EB80D28A0902F00A20700 /* XCRemoteSwiftPackageReference "Kingfisher" */;
			productName = Kingfisher;
		};
		6A9EB81128A0903B00A20700 /* SwiftyJSON */ = {
			isa = XCSwiftPackageProductDependency;
			package = 6A9EB81028A0903B00A20700 /* XCRemoteSwiftPackageReference "SwiftyJSON" */;
			productName = SwiftyJSON;
		};
/* End XCSwiftPackageProductDependency section */
	};
	rootObject = 6A9EB7EB28A08FF400A20700 /* Project object */;
}
